
Microsoft Visual Studio Solution File, Format Version 12.00
# Visual Studio Version 16
VisualStudioVersion = 16.0.30225.117
MinimumVisualStudioVersion = 10.0.40219.1
Project("{FAE04EC0-301F-11D3-BF4B-00C04F79EFBC}") = "ConsoleLinkedListUI", "ConsoleLinkedListUI.csproj", "{AEE3423C-DAD6-4E70-898D-68F504EDB05F}"
EndProject
Project("{FAE04EC0-301F-11D3-BF4B-00C04F79EFBC}") = "LinkedBusiness", "..\LinkedBusiness\LinkedBusiness.csproj", "{92C0DCB2-BD01-4731-8EFD-2CCDBC438691}"
EndProject
Project("{FAE04EC0-301F-11D3-BF4B-00C04F79EFBC}") = "LinkedBusinessTests", "..\LinkedBusinessTests\LinkedBusinessTests.csproj", "{93AB1CD2-1F95-4D47-B116-AADE66045107}"
EndProject
Global
	GlobalSection(SolutionConfigurationPlatforms) = preSolution
		Debug|Any CPU = Debug|Any CPU
		Release|Any CPU = Release|Any CPU
	EndGlobalSection
	GlobalSection(ProjectConfigurationPlatforms) = postSolution
		{AEE3423C-DAD6-4E70-898D-68F504EDB05F}.Debug|Any CPU.ActiveCfg = Debug|Any CPU
		{AEE3423C-DAD6-4E70-898D-68F504EDB05F}.Debug|Any CPU.Build.0 = Debug|Any CPU
		{AEE3423C-DAD6-4E70-898D-68F504EDB05F}.Release|Any CPU.ActiveCfg = Release|Any CPU
		{AEE3423C-DAD6-4E70-898D-68F504EDB05F}.Release|Any CPU.Build.0 = Release|Any CPU
		{92C0DCB2-BD01-4731-8EFD-2CCDBC438691}.Debug|Any CPU.ActiveCfg = Debug|Any CPU
		{92C0DCB2-BD01-4731-8EFD-2CCDBC438691}.Debug|Any CPU.Build.0 = Debug|Any CPU
		{92C0DCB2-BD01-4731-8EFD-2CCDBC438691}.Release|Any CPU.ActiveCfg = Release|Any CPU
		{92C0DCB2-BD01-4731-8EFD-2CCDBC438691}.Release|Any CPU.Build.0 = Release|Any CPU
		{93AB1CD2-1F95-4D47-B116-AADE66045107}.Debug|Any CPU.ActiveCfg = Debug|Any CPU
		{93AB1CD2-1F95-4D47-B116-AADE66045107}.Debug|Any CPU.Build.0 = Debug|Any CPU
		{93AB1CD2-1F95-4D47-B116-AADE66045107}.Release|Any CPU.ActiveCfg = Release|Any CPU
		{93AB1CD2-1F95-4D47-B116-AADE66045107}.Release|Any CPU.Build.0 = Release|Any CPU
	EndGlobalSection
	GlobalSection(SolutionProperties) = preSolution
		HideSolutionNode = FALSE
	EndGlobalSection
	GlobalSection(ExtensibilityGlobals) = postSolution
		SolutionGuid = {BFA34BFF-B549-48EA-842C-B35864E4145E}
	EndGlobalSection
EndGlobal
